PODS:
  - AFNetworking (2.0.1):
    - AFNetworking/NSURLConnection
    - AFNetworking/NSURLSession
    - AFNetworking/Reachability
    - AFNetworking/Security
    - AFNetworking/Serialization
    - AFNetworking/UIKit
  - AFNetworking/NSURLConnection (2.0.1):
    - AFNetworking/Reachability
    - AFNetworking/Security
    - AFNetworking/Serialization
  - AFNetworking/NSURLSession (2.0.1):
    - AFNetworking/Reachability
    - AFNetworking/Security
    - AFNetworking/Serialization
  - AFNetworking/Reachability (2.0.1)
  - AFNetworking/Security (2.0.1)
  - AFNetworking/Serialization (2.0.1)
  - AFNetworking/UIKit (2.0.1):
    - AFNetworking/NSURLConnection
  - OCHamcrest (3.0.0)
  - OCMockito (1.0.0):
    - OCHamcrest (~> 3.0)

DEPENDENCIES:
  - AFNetworking (~> 2.0)
  - OCHamcrest (~> 3.0.0)
  - OCMockito (~> 1.0.0)

SPEC CHECKSUMS:
  AFNetworking: a6f11ac4ac087303e6ff87adc1ba57b0dac20ef8
  OCHamcrest: 739added27df87b26adb60ab5aa14b7e3cf58afe
  OCMockito: 8b6a244d7d81ba3cd2095bc357c20ae7b22c8977

COCOAPODS: 0.27.1
