// !$*UTF8*$!
{
	archiveVersion = 1;
	classes = {
	};
	objectVersion = 46;
	objects = {

/* Begin PBXBuildFile section */
		3F68D14E18196E530025462E /* City.m in Sources */ = {isa = PBXBuildFile; fileRef = 3F68D14D18196E520025462E /* City.m */; };
		3F68D15118196FCC0025462E /* ErrorNotificationHelper.m in Sources */ = {isa = PBXBuildFile; fileRef = 3F68D15018196FCC0025462E /* ErrorNotificationHelper.m */; };
		3F68D1571819781D0025462E /* TranslatorHelper.m in Sources */ = {isa = PBXBuildFile; fileRef = 3F68D1561819781D0025462E /* TranslatorHelper.m */; };
		3F68D15A18197A420025462E /* WeatherAPIManager.m in Sources */ = {isa = PBXBuildFile; fileRef = 3F68D15918197A420025462E /* WeatherAPIManager.m */; };
		3F68D15D181988D60025462E /* ValidatorHelper.m in Sources */ = {isa = PBXBuildFile; fileRef = 3F68D15C181988D60025462E /* ValidatorHelper.m */; };
		3F68D15E1819968A0025462E /* ErrorNotificationHelper.m in Sources */ = {isa = PBXBuildFile; fileRef = 3F68D15018196FCC0025462E /* ErrorNotificationHelper.m */; };
		3F68D15F1819968A0025462E /* TranslatorHelper.m in Sources */ = {isa = PBXBuildFile; fileRef = 3F68D1561819781D0025462E /* TranslatorHelper.m */; };
		3F68D1601819968A0025462E /* ValidatorHelper.m in Sources */ = {isa = PBXBuildFile; fileRef = 3F68D15C181988D60025462E /* ValidatorHelper.m */; };
		3F68D1611819968A0025462E /* WeatherAPIManager.m in Sources */ = {isa = PBXBuildFile; fileRef = 3F68D15918197A420025462E /* WeatherAPIManager.m */; };
		3F68D1621819968A0025462E /* City.m in Sources */ = {isa = PBXBuildFile; fileRef = 3F68D14D18196E520025462E /* City.m */; };
		3F68D16718199F0A0025462E /* CityTests.m in Sources */ = {isa = PBXBuildFile; fileRef = 3F68D16618199F0A0025462E /* CityTests.m */; };
		3F793A02181875DC00E217D6 /* Storyboard.storyboard in Resources */ = {isa = PBXBuildFile; fileRef = 3F793A01181875DC00E217D6 /* Storyboard.storyboard */; };
		3F793A061818768600E217D6 /* WeatherAPIManagerTests.m in Sources */ = {isa = PBXBuildFile; fileRef = 3F793A051818768600E217D6 /* WeatherAPIManagerTests.m */; };
		3F81F20318187071008C9510 /* Foundation.framework in Frameworks */ = {isa = PBXBuildFile; fileRef = 3F81F20218187071008C9510 /* Foundation.framework */; };
		3F81F20518187071008C9510 /* CoreGraphics.framework in Frameworks */ = {isa = PBXBuildFile; fileRef = 3F81F20418187071008C9510 /* CoreGraphics.framework */; };
		3F81F20718187071008C9510 /* UIKit.framework in Frameworks */ = {isa = PBXBuildFile; fileRef = 3F81F20618187071008C9510 /* UIKit.framework */; };
		3F81F22218187072008C9510 /* XCTest.framework in Frameworks */ = {isa = PBXBuildFile; fileRef = 3F81F22118187072008C9510 /* XCTest.framework */; };
		3F81F22318187072008C9510 /* Foundation.framework in Frameworks */ = {isa = PBXBuildFile; fileRef = 3F81F20218187071008C9510 /* Foundation.framework */; };
		3F81F22418187072008C9510 /* UIKit.framework in Frameworks */ = {isa = PBXBuildFile; fileRef = 3F81F20618187071008C9510 /* UIKit.framework */; };
		3F81F24018187210008C9510 /* AppDelegate.m in Sources */ = {isa = PBXBuildFile; fileRef = 3F81F23F18187210008C9510 /* AppDelegate.m */; };
		3F81F2431818721B008C9510 /* CitiesViewController.m in Sources */ = {isa = PBXBuildFile; fileRef = 3F81F2421818721B008C9510 /* CitiesViewController.m */; };
		3F81F2491818722A008C9510 /* Images.xcassets in Resources */ = {isa = PBXBuildFile; fileRef = 3F81F2441818722A008C9510 /* Images.xcassets */; };
		3F81F24B1818722A008C9510 /* main.m in Sources */ = {isa = PBXBuildFile; fileRef = 3F81F2461818722A008C9510 /* main.m */; };
		4267E7451BF0422F9795EB0C /* libPods.a in Frameworks */ = {isa = PBXBuildFile; fileRef = A47FB8CEF936484FBEECF34F /* libPods.a */; };
		73D0D0122F374EBF803EE690 /* libPods.a in Frameworks */ = {isa = PBXBuildFile; fileRef = A47FB8CEF936484FBEECF34F /* libPods.a */; };
		94831261BCCC4F8C88E06E3C /* libPods-WeatherAppTests.a in Frameworks */ = {isa = PBXBuildFile; fileRef = AEA04102603245F7B44AA29F /* libPods-WeatherAppTests.a */; };
/* End PBXBuildFile section */

/* Begin PBXContainerItemProxy section */
		3F81F22518187072008C9510 /* PBXContainerItemProxy */ = {
			isa = PBXContainerItemProxy;
			containerPortal = 3F81F1F718187071008C9510 /* Project object */;
			proxyType = 1;
			remoteGlobalIDString = 3F81F1FE18187071008C9510;
			remoteInfo = WeatherApp;
		};
/* End PBXContainerItemProxy section */

/* Begin PBXFileReference section */
		27112ADA5406462D987E6824 /* Pods.xcconfig */ = {isa = PBXFileReference; includeInIndex = 1; lastKnownFileType = text.xcconfig; name = Pods.xcconfig; path = Pods/Pods.xcconfig; sourceTree = "<group>"; };
		3F68D14C18196E510025462E /* City.h */ = {isa = PBXFileReference; fileEncoding = 4; lastKnownFileType = sourcecode.c.h; name = City.h; path = Models/City.h; sourceTree = "<group>"; };
		3F68D14D18196E520025462E /* City.m */ = {isa = PBXFileReference; fileEncoding = 4; lastKnownFileType = sourcecode.c.objc; name = City.m; path = Models/City.m; sourceTree = "<group>"; };
		3F68D14F18196FCC0025462E /* ErrorNotificationHelper.h */ = {isa = PBXFileReference; fileEncoding = 4; lastKnownFileType = sourcecode.c.h; name = ErrorNotificationHelper.h; path = Helpers/ErrorNotificationHelper.h; sourceTree = "<group>"; };
		3F68D15018196FCC0025462E /* ErrorNotificationHelper.m */ = {isa = PBXFileReference; fileEncoding = 4; lastKnownFileType = sourcecode.c.objc; name = ErrorNotificationHelper.m; path = Helpers/ErrorNotificationHelper.m; sourceTree = "<group>"; };
		3F68D154181976D70025462E /* Includes.h */ = {isa = PBXFileReference; fileEncoding = 4; lastKnownFileType = sourcecode.c.h; name = Includes.h; path = Support/Includes.h; sourceTree = "<group>"; };
		3F68D1551819781D0025462E /* TranslatorHelper.h */ = {isa = PBXFileReference; fileEncoding = 4; lastKnownFileType = sourcecode.c.h; name = TranslatorHelper.h; path = Helpers/TranslatorHelper.h; sourceTree = "<group>"; };
		3F68D1561819781D0025462E /* TranslatorHelper.m */ = {isa = PBXFileReference; fileEncoding = 4; lastKnownFileType = sourcecode.c.objc; name = TranslatorHelper.m; path = Helpers/TranslatorHelper.m; sourceTree = "<group>"; };
		3F68D15818197A420025462E /* WeatherAPIManager.h */ = {isa = PBXFileReference; fileEncoding = 4; lastKnownFileType = sourcecode.c.h; name = WeatherAPIManager.h; path = Managers/WeatherAPIManager.h; sourceTree = "<group>"; };
		3F68D15918197A420025462E /* WeatherAPIManager.m */ = {isa = PBXFileReference; fileEncoding = 4; lastKnownFileType = sourcecode.c.objc; name = WeatherAPIManager.m; path = Managers/WeatherAPIManager.m; sourceTree = "<group>"; };
		3F68D15B181988D60025462E /* ValidatorHelper.h */ = {isa = PBXFileReference; fileEncoding = 4; lastKnownFileType = sourcecode.c.h; name = ValidatorHelper.h; path = Helpers/ValidatorHelper.h; sourceTree = "<group>"; };
		3F68D15C181988D60025462E /* ValidatorHelper.m */ = {isa = PBXFileReference; fileEncoding = 4; lastKnownFileType = sourcecode.c.objc; name = ValidatorHelper.m; path = Helpers/ValidatorHelper.m; sourceTree = "<group>"; };
		3F68D16618199F0A0025462E /* CityTests.m */ = {isa = PBXFileReference; fileEncoding = 4; lastKnownFileType = sourcecode.c.objc; name = CityTests.m; path = Tests/CityTests.m; sourceTree = "<group>"; };
		3F793A01181875DC00E217D6 /* Storyboard.storyboard */ = {isa = PBXFileReference; fileEncoding = 4; lastKnownFileType = file.storyboard; name = Storyboard.storyboard; path = Views/Storyboard.storyboard; sourceTree = "<group>"; };
		3F793A051818768600E217D6 /* WeatherAPIManagerTests.m */ = {isa = PBXFileReference; fileEncoding = 4; lastKnownFileType = sourcecode.c.objc; name = WeatherAPIManagerTests.m; path = Tests/WeatherAPIManagerTests.m; sourceTree = "<group>"; };
		3F793A071818768C00E217D6 /* InfoPlist.strings */ = {isa = PBXFileReference; fileEncoding = 4; lastKnownFileType = text.plist.strings; name = InfoPlist.strings; path = Support/InfoPlist.strings; sourceTree = "<group>"; };
		3F793A081818768C00E217D6 /* WeatherAppTests-Info.plist */ = {isa = PBXFileReference; fileEncoding = 4; lastKnownFileType = text.plist.xml; name = "WeatherAppTests-Info.plist"; path = "Support/WeatherAppTests-Info.plist"; sourceTree = "<group>"; };
		3F81F1FF18187071008C9510 /* WeatherApp.app */ = {isa = PBXFileReference; explicitFileType = wrapper.application; includeInIndex = 0; path = WeatherApp.app; sourceTree = BUILT_PRODUCTS_DIR; };
		3F81F20218187071008C9510 /* Foundation.framework */ = {isa = PBXFileReference; lastKnownFileType = wrapper.framework; name = Foundation.framework; path = System/Library/Frameworks/Foundation.framework; sourceTree = SDKROOT; };
		3F81F20418187071008C9510 /* CoreGraphics.framework */ = {isa = PBXFileReference; lastKnownFileType = wrapper.framework; name = CoreGraphics.framework; path = System/Library/Frameworks/CoreGraphics.framework; sourceTree = SDKROOT; };
		3F81F20618187071008C9510 /* UIKit.framework */ = {isa = PBXFileReference; lastKnownFileType = wrapper.framework; name = UIKit.framework; path = System/Library/Frameworks/UIKit.framework; sourceTree = SDKROOT; };
		3F81F22018187072008C9510 /* WeatherAppTests.xctest */ = {isa = PBXFileReference; explicitFileType = wrapper.cfbundle; includeInIndex = 0; path = WeatherAppTests.xctest; sourceTree = BUILT_PRODUCTS_DIR; };
		3F81F22118187072008C9510 /* XCTest.framework */ = {isa = PBXFileReference; lastKnownFileType = wrapper.framework; name = XCTest.framework; path = Library/Frameworks/XCTest.framework; sourceTree = DEVELOPER_DIR; };
		3F81F23E18187210008C9510 /* AppDelegate.h */ = {isa = PBXFileReference; fileEncoding = 4; lastKnownFileType = sourcecode.c.h; name = AppDelegate.h; path = Application/AppDelegate.h; sourceTree = "<group>"; };
		3F81F23F18187210008C9510 /* AppDelegate.m */ = {isa = PBXFileReference; fileEncoding = 4; lastKnownFileType = sourcecode.c.objc; name = AppDelegate.m; path = Application/AppDelegate.m; sourceTree = "<group>"; };
		3F81F2411818721B008C9510 /* CitiesViewController.h */ = {isa = PBXFileReference; fileEncoding = 4; lastKnownFileType = sourcecode.c.h; name = CitiesViewController.h; path = Controllers/CitiesViewController.h; sourceTree = "<group>"; };
		3F81F2421818721B008C9510 /* CitiesViewController.m */ = {isa = PBXFileReference; fileEncoding = 4; lastKnownFileType = sourcecode.c.objc; name = CitiesViewController.m; path = Controllers/CitiesViewController.m; sourceTree = "<group>"; };
		3F81F2441818722A008C9510 /* Images.xcassets */ = {isa = PBXFileReference; lastKnownFileType = folder.assetcatalog; name = Images.xcassets; path = Support/Images.xcassets; sourceTree = "<group>"; };
		3F81F2461818722A008C9510 /* main.m */ = {isa = PBXFileReference; fileEncoding = 4; lastKnownFileType = sourcecode.c.objc; name = main.m; path = Support/main.m; sourceTree = "<group>"; };
		3F81F2471818722A008C9510 /* WeatherApp-Info.plist */ = {isa = PBXFileReference; fileEncoding = 4; lastKnownFileType = text.plist.xml; name = "WeatherApp-Info.plist"; path = "Support/WeatherApp-Info.plist"; sourceTree = "<group>"; };
		3F81F2481818722A008C9510 /* WeatherApp-Prefix.pch */ = {isa = PBXFileReference; fileEncoding = 4; lastKnownFileType = sourcecode.c.h; name = "WeatherApp-Prefix.pch"; path = "Support/WeatherApp-Prefix.pch"; sourceTree = "<group>"; };
		3F81F24E18187231008C9510 /* Base */ = {isa = PBXFileReference; lastKnownFileType = text.plist.strings; name = Base; path = Base.lproj/InfoPlist.strings; sourceTree = "<group>"; };
		A0A7F38C05814B88B8169146 /* Pods-WeatherAppTests.xcconfig */ = {isa = PBXFileReference; includeInIndex = 1; lastKnownFileType = text.xcconfig; name = "Pods-WeatherAppTests.xcconfig"; path = "Pods/Pods-WeatherAppTests.xcconfig"; sourceTree = "<group>"; };
		A47FB8CEF936484FBEECF34F /* libPods.a */ = {isa = PBXFileReference; explicitFileType = archive.ar; includeInIndex = 0; path = libPods.a; sourceTree = BUILT_PRODUCTS_DIR; };
		AEA04102603245F7B44AA29F /* libPods-WeatherAppTests.a */ = {isa = PBXFileReference; explicitFileType = archive.ar; includeInIndex = 0; path = "libPods-WeatherAppTests.a"; sourceTree = BUILT_PRODUCTS_DIR; };
/* End PBXFileReference section */

/* Begin PBXFrameworksBuildPhase section */
		3F81F1FC18187071008C9510 /* Frameworks */ = {
			isa = PBXFrameworksBuildPhase;
			buildActionMask = 2147483647;
			files = (
				3F81F20518187071008C9510 /* CoreGraphics.framework in Frameworks */,
				3F81F20718187071008C9510 /* UIKit.framework in Frameworks */,
				3F81F20318187071008C9510 /* Foundation.framework in Frameworks */,
				73D0D0122F374EBF803EE690 /* libPods.a in Frameworks */,
			);
			runOnlyForDeploymentPostprocessing = 0;
		};
		3F81F21D18187072008C9510 /* Frameworks */ = {
			isa = PBXFrameworksBuildPhase;
			buildActionMask = 2147483647;
			files = (
				3F81F22218187072008C9510 /* XCTest.framework in Frameworks */,
				3F81F22418187072008C9510 /* UIKit.framework in Frameworks */,
				3F81F22318187072008C9510 /* Foundation.framework in Frameworks */,
				4267E7451BF0422F9795EB0C /* libPods.a in Frameworks */,
				94831261BCCC4F8C88E06E3C /* libPods-WeatherAppTests.a in Frameworks */,
			);
			runOnlyForDeploymentPostprocessing = 0;
		};
/* End PBXFrameworksBuildPhase section */

/* Begin PBXGroup section */
		3F793A031818767100E217D6 /* Tests */ = {
			isa = PBXGroup;
			children = (
				3F793A051818768600E217D6 /* WeatherAPIManagerTests.m */,
				3F68D16618199F0A0025462E /* CityTests.m */,
			);
			name = Tests;
			sourceTree = "<group>";
		};
		3F793A041818767700E217D6 /* Support */ = {
			isa = PBXGroup;
			children = (
				3F793A071818768C00E217D6 /* InfoPlist.strings */,
				3F793A081818768C00E217D6 /* WeatherAppTests-Info.plist */,
			);
			name = Support;
			sourceTree = "<group>";
		};
		3F81F1F618187071008C9510 = {
			isa = PBXGroup;
			children = (
				3F81F20818187071008C9510 /* WeatherApp */,
				3F81F22718187072008C9510 /* WeatherAppTests */,
				3F81F20118187071008C9510 /* Frameworks */,
				3F81F20018187071008C9510 /* Products */,
				27112ADA5406462D987E6824 /* Pods.xcconfig */,
				A0A7F38C05814B88B8169146 /* Pods-WeatherAppTests.xcconfig */,
			);
			sourceTree = "<group>";
		};
		3F81F20018187071008C9510 /* Products */ = {
			isa = PBXGroup;
			children = (
				3F81F1FF18187071008C9510 /* WeatherApp.app */,
				3F81F22018187072008C9510 /* WeatherAppTests.xctest */,
			);
			name = Products;
			sourceTree = "<group>";
		};
		3F81F20118187071008C9510 /* Frameworks */ = {
			isa = PBXGroup;
			children = (
				3F81F20218187071008C9510 /* Foundation.framework */,
				3F81F20418187071008C9510 /* CoreGraphics.framework */,
				3F81F20618187071008C9510 /* UIKit.framework */,
				3F81F22118187072008C9510 /* XCTest.framework */,
				A47FB8CEF936484FBEECF34F /* libPods.a */,
				AEA04102603245F7B44AA29F /* libPods-WeatherAppTests.a */,
			);
			name = Frameworks;
			sourceTree = "<group>";
		};
		3F81F20818187071008C9510 /* WeatherApp */ = {
			isa = PBXGroup;
			children = (
				3F81F237181871A2008C9510 /* Application */,
				3F81F23B181871C6008C9510 /* Controllers */,
				3F81F238181871A9008C9510 /* Helpers */,
				3F81F23C181871CD008C9510 /* Managers */,
				3F81F239181871B7008C9510 /* Models */,
				3F81F23D181871D4008C9510 /* Support */,
				3F81F23A181871C0008C9510 /* Views */,
			);
			path = WeatherApp;
			sourceTree = "<group>";
		};
		3F81F22718187072008C9510 /* WeatherAppTests */ = {
			isa = PBXGroup;
			children = (
				3F793A031818767100E217D6 /* Tests */,
				3F793A041818767700E217D6 /* Support */,
			);
			path = WeatherAppTests;
			sourceTree = "<group>";
		};
		3F81F237181871A2008C9510 /* Application */ = {
			isa = PBXGroup;
			children = (
				3F81F23E18187210008C9510 /* AppDelegate.h */,
				3F81F23F18187210008C9510 /* AppDelegate.m */,
			);
			name = Application;
			sourceTree = "<group>";
		};
		3F81F238181871A9008C9510 /* Helpers */ = {
			isa = PBXGroup;
			children = (
				3F68D14F18196FCC0025462E /* ErrorNotificationHelper.h */,
				3F68D15018196FCC0025462E /* ErrorNotificationHelper.m */,
				3F68D1551819781D0025462E /* TranslatorHelper.h */,
				3F68D1561819781D0025462E /* TranslatorHelper.m */,
				3F68D15B181988D60025462E /* ValidatorHelper.h */,
				3F68D15C181988D60025462E /* ValidatorHelper.m */,
			);
			name = Helpers;
			sourceTree = "<group>";
		};
		3F81F239181871B7008C9510 /* Models */ = {
			isa = PBXGroup;
			children = (
				3F68D14C18196E510025462E /* City.h */,
				3F68D14D18196E520025462E /* City.m */,
			);
			name = Models;
			sourceTree = "<group>";
		};
		3F81F23A181871C0008C9510 /* Views */ = {
			isa = PBXGroup;
			children = (
				3F793A01181875DC00E217D6 /* Storyboard.storyboard */,
			);
			name = Views;
			sourceTree = "<group>";
		};
		3F81F23B181871C6008C9510 /* Controllers */ = {
			isa = PBXGroup;
			children = (
				3F81F2411818721B008C9510 /* CitiesViewController.h */,
				3F81F2421818721B008C9510 /* CitiesViewController.m */,
			);
			name = Controllers;
			sourceTree = "<group>";
		};
		3F81F23C181871CD008C9510 /* Managers */ = {
			isa = PBXGroup;
			children = (
				3F68D15818197A420025462E /* WeatherAPIManager.h */,
				3F68D15918197A420025462E /* WeatherAPIManager.m */,
			);
			name = Managers;
			sourceTree = "<group>";
		};
		3F81F23D181871D4008C9510 /* Support */ = {
			isa = PBXGroup;
			children = (
				3F68D154181976D70025462E /* Includes.h */,
				3F81F2441818722A008C9510 /* Images.xcassets */,
				3F81F24F18187231008C9510 /* InfoPlist.strings */,
				3F81F2461818722A008C9510 /* main.m */,
				3F81F2471818722A008C9510 /* WeatherApp-Info.plist */,
				3F81F2481818722A008C9510 /* WeatherApp-Prefix.pch */,
			);
			name = Support;
			sourceTree = "<group>";
		};
/* End PBXGroup section */

/* Begin PBXNativeTarget section */
		3F81F1FE18187071008C9510 /* WeatherApp */ = {
			isa = PBXNativeTarget;
			buildConfigurationList = 3F81F23118187072008C9510 /* Build configuration list for PBXNativeTarget "WeatherApp" */;
			buildPhases = (
				7359B2D29C8B4C448FFCE961 /* Check Pods Manifest.lock */,
				3F81F1FB18187071008C9510 /* Sources */,
				3F81F1FC18187071008C9510 /* Frameworks */,
				3F81F1FD18187071008C9510 /* Resources */,
				08DA442E73C74260BE9A0276 /* Copy Pods Resources */,
			);
			buildRules = (
			);
			dependencies = (
			);
			name = WeatherApp;
			productName = WeatherApp;
			productReference = 3F81F1FF18187071008C9510 /* WeatherApp.app */;
			productType = "com.apple.product-type.application";
		};
		3F81F21F18187072008C9510 /* WeatherAppTests */ = {
			isa = PBXNativeTarget;
			buildConfigurationList = 3F81F23418187072008C9510 /* Build configuration list for PBXNativeTarget "WeatherAppTests" */;
			buildPhases = (
				48D6787C0D8D4F899B8571CF /* Check Pods Manifest.lock */,
				3F81F21C18187072008C9510 /* Sources */,
				3F81F21D18187072008C9510 /* Frameworks */,
				3F81F21E18187072008C9510 /* Resources */,
				64F597BE1A6C4161984646B3 /* Copy Pods Resources */,
			);
			buildRules = (
			);
			dependencies = (
				3F81F22618187072008C9510 /* PBXTargetDependency */,
			);
			name = WeatherAppTests;
			productName = WeatherAppTests;
			productReference = 3F81F22018187072008C9510 /* WeatherAppTests.xctest */;
			productType = "com.apple.product-type.bundle.unit-test";
		};
/* End PBXNativeTarget section */

/* Begin PBXProject section */
		3F81F1F718187071008C9510 /* Project object */ = {
			isa = PBXProject;
			attributes = {
				LastUpgradeCheck = 0500;
				ORGANIZATIONNAME = "Renzo Crisóstomo";
				TargetAttributes = {
					3F81F21F18187072008C9510 = {
						TestTargetID = 3F81F1FE18187071008C9510;
					};
				};
			};
			buildConfigurationList = 3F81F1FA18187071008C9510 /* Build configuration list for PBXProject "WeatherApp" */;
			compatibilityVersion = "Xcode 3.2";
			developmentRegion = English;
			hasScannedForEncodings = 0;
			knownRegions = (
				en,
				Base,
			);
			mainGroup = 3F81F1F618187071008C9510;
			productRefGroup = 3F81F20018187071008C9510 /* Products */;
			projectDirPath = "";
			projectRoot = "";
			targets = (
				3F81F1FE18187071008C9510 /* WeatherApp */,
				3F81F21F18187072008C9510 /* WeatherAppTests */,
			);
		};
/* End PBXProject section */

/* Begin PBXResourcesBuildPhase section */
		3F81F1FD18187071008C9510 /* Resources */ = {
			isa = PBXResourcesBuildPhase;
			buildActionMask = 2147483647;
			files = (
				3F81F2491818722A008C9510 /* Images.xcassets in Resources */,
				3F793A02181875DC00E217D6 /* Storyboard.storyboard in Resources */,
			);
			runOnlyForDeploymentPostprocessing = 0;
		};
		3F81F21E18187072008C9510 /* Resources */ = {
			isa = PBXResourcesBuildPhase;
			buildActionMask = 2147483647;
			files = (
			);
			runOnlyForDeploymentPostprocessing = 0;
		};
/* End PBXResourcesBuildPhase section */

/* Begin PBXShellScriptBuildPhase section */
		08DA442E73C74260BE9A0276 /* Copy Pods Resources */ = {
			isa = PBXShellScriptBuildPhase;
			buildActionMask = 2147483647;
			files = (
			);
			inputPaths = (
			);
			name = "Copy Pods Resources";
			outputPaths = (
			);
			runOnlyForDeploymentPostprocessing = 0;
			shellPath = /bin/sh;
			shellScript = "\"${SRCROOT}/Pods/Pods-resources.sh\"\n";
			showEnvVarsInLog = 0;
		};
		48D6787C0D8D4F899B8571CF /* Check Pods Manifest.lock */ = {
			isa = PBXShellScriptBuildPhase;
			buildActionMask = 2147483647;
			files = (
			);
			inputPaths = (
			);
			name = "Check Pods Manifest.lock";
			outputPaths = (
			);
			runOnlyForDeploymentPostprocessing = 0;
			shellPath = /bin/sh;
			shellScript = "diff \"${PODS_ROOT}/../Podfile.lock\" \"${PODS_ROOT}/Manifest.lock\" > /dev/null\nif [[ $? != 0 ]] ; then\n    cat << EOM\nerror: The sandbox is not in sync with the Podfile.lock. Run 'pod install' or update your CocoaPods installation.\nEOM\n    exit 1\nfi\n";
			showEnvVarsInLog = 0;
		};
		64F597BE1A6C4161984646B3 /* Copy Pods Resources */ = {
			isa = PBXShellScriptBuildPhase;
			buildActionMask = 2147483647;
			files = (
			);
			inputPaths = (
			);
			name = "Copy Pods Resources";
			outputPaths = (
			);
			runOnlyForDeploymentPostprocessing = 0;
			shellPath = /bin/sh;
			shellScript = "\"${SRCROOT}/Pods/Pods-WeatherAppTests-resources.sh\"\n";
			showEnvVarsInLog = 0;
		};
		7359B2D29C8B4C448FFCE961 /* Check Pods Manifest.lock */ = {
			isa = PBXShellScriptBuildPhase;
			buildActionMask = 2147483647;
			files = (
			);
			inputPaths = (
			);
			name = "Check Pods Manifest.lock";
			outputPaths = (
			);
			runOnlyForDeploymentPostprocessing = 0;
			shellPath = /bin/sh;
			shellScript = "diff \"${PODS_ROOT}/../Podfile.lock\" \"${PODS_ROOT}/Manifest.lock\" > /dev/null\nif [[ $? != 0 ]] ; then\n    cat << EOM\nerror: The sandbox is not in sync with the Podfile.lock. Run 'pod install' or update your CocoaPods installation.\nEOM\n    exit 1\nfi\n";
			showEnvVarsInLog = 0;
		};
/* End PBXShellScriptBuildPhase section */

/* Begin PBXSourcesBuildPhase section */
		3F81F1FB18187071008C9510 /* Sources */ = {
			isa = PBXSourcesBuildPhase;
			buildActionMask = 2147483647;
			files = (
				3F81F2431818721B008C9510 /* CitiesViewController.m in Sources */,
				3F68D1571819781D0025462E /* TranslatorHelper.m in Sources */,
				3F68D15D181988D60025462E /* ValidatorHelper.m in Sources */,
				3F68D15A18197A420025462E /* WeatherAPIManager.m in Sources */,
				3F81F24B1818722A008C9510 /* main.m in Sources */,
				3F68D14E18196E530025462E /* City.m in Sources */,
				3F81F24018187210008C9510 /* AppDelegate.m in Sources */,
				3F68D15118196FCC0025462E /* ErrorNotificationHelper.m in Sources */,
			);
			runOnlyForDeploymentPostprocessing = 0;
		};
		3F81F21C18187072008C9510 /* Sources */ = {
			isa = PBXSourcesBuildPhase;
			buildActionMask = 2147483647;
			files = (
				3F68D15E1819968A0025462E /* ErrorNotificationHelper.m in Sources */,
				3F68D15F1819968A0025462E /* TranslatorHelper.m in Sources */,
				3F68D1601819968A0025462E /* ValidatorHelper.m in Sources */,
				3F68D1611819968A0025462E /* WeatherAPIManager.m in Sources */,
				3F68D1621819968A0025462E /* City.m in Sources */,
				3F793A061818768600E217D6 /* WeatherAPIManagerTests.m in Sources */,
				3F68D16718199F0A0025462E /* CityTests.m in Sources */,
			);
			runOnlyForDeploymentPostprocessing = 0;
		};
/* End PBXSourcesBuildPhase section */

/* Begin PBXTargetDependency section */
		3F81F22618187072008C9510 /* PBXTargetDependency */ = {
			isa = PBXTargetDependency;
			target = 3F81F1FE18187071008C9510 /* WeatherApp */;
			targetProxy = 3F81F22518187072008C9510 /* PBXContainerItemProxy */;
		};
/* End PBXTargetDependency section */

/* Begin PBXVariantGroup section */
		3F81F24F18187231008C9510 /* InfoPlist.strings */ = {
			isa = PBXVariantGroup;
			children = (
				3F81F24E18187231008C9510 /* Base */,
			);
			name = InfoPlist.strings;
			path = Support;
			sourceTree = "<group>";
		};
/* End PBXVariantGroup section */

/* Begin XCBuildConfiguration section */
		3F81F22F18187072008C9510 /* Debug */ = {
			isa = XCBuildConfiguration;
			buildSettings = {
				ALWAYS_SEARCH_USER_PATHS = NO;
				ARCHS = "$(ARCHS_STANDARD_INCLUDING_64_BIT)";
				CLANG_CXX_LANGUAGE_STANDARD = "gnu++0x";
				CLANG_CXX_LIBRARY = "libc++";
				CLANG_ENABLE_MODULES = YES;
				CLANG_ENABLE_OBJC_ARC = YES;
				CLANG_WARN_BOOL_CONVERSION = YES;
				CLANG_WARN_CONSTANT_CONVERSION = YES;
				CLANG_WARN_DIRECT_OBJC_ISA_USAGE = YES_ERROR;
				CLANG_WARN_EMPTY_BODY = YES;
				CLANG_WARN_ENUM_CONVERSION = YES;
				CLANG_WARN_INT_CONVERSION = YES;
				CLANG_WARN_OBJC_ROOT_CLASS = YES_ERROR;
				CLANG_WARN__DUPLICATE_METHOD_MATCH = YES;
				"CODE_SIGN_IDENTITY[sdk=iphoneos*]" = "iPhone Developer";
				COPY_PHASE_STRIP = NO;
				GCC_C_LANGUAGE_STANDARD = gnu99;
				GCC_DYNAMIC_NO_PIC = NO;
				GCC_OPTIMIZATION_LEVEL = 0;
				GCC_PREPROCESSOR_DEFINITIONS = (
					"DEBUG=1",
					"$(inherited)",
				);
				GCC_SYMBOLS_PRIVATE_EXTERN = NO;
				GCC_WARN_64_TO_32_BIT_CONVERSION = YES;
				GCC_WARN_ABOUT_RETURN_TYPE = YES_ERROR;
				GCC_WARN_UNDECLARED_SELECTOR = YES;
				GCC_WARN_UNINITIALIZED_AUTOS = YES;
				GCC_WARN_UNUSED_FUNCTION = YES;
				GCC_WARN_UNUSED_VARIABLE = YES;
				IPHONEOS_DEPLOYMENT_TARGET = 7.0;
				ONLY_ACTIVE_ARCH = YES;
				SDKROOT = iphoneos;
			};
			name = Debug;
		};
		3F81F23018187072008C9510 /* Release */ = {
			isa = XCBuildConfiguration;
			buildSettings = {
				ALWAYS_SEARCH_USER_PATHS = NO;
				ARCHS = "$(ARCHS_STANDARD_INCLUDING_64_BIT)";
				CLANG_CXX_LANGUAGE_STANDARD = "gnu++0x";
				CLANG_CXX_LIBRARY = "libc++";
				CLANG_ENABLE_MODULES = YES;
				CLANG_ENABLE_OBJC_ARC = YES;
				CLANG_WARN_BOOL_CONVERSION = YES;
				CLANG_WARN_CONSTANT_CONVERSION = YES;
				CLANG_WARN_DIRECT_OBJC_ISA_USAGE = YES_ERROR;
				CLANG_WARN_EMPTY_BODY = YES;
				CLANG_WARN_ENUM_CONVERSION = YES;
				CLANG_WARN_INT_CONVERSION = YES;
				CLANG_WARN_OBJC_ROOT_CLASS = YES_ERROR;
				CLANG_WARN__DUPLICATE_METHOD_MATCH = YES;
				"CODE_SIGN_IDENTITY[sdk=iphoneos*]" = "iPhone Developer";
				COPY_PHASE_STRIP = YES;
				ENABLE_NS_ASSERTIONS = NO;
				GCC_C_LANGUAGE_STANDARD = gnu99;
				GCC_WARN_64_TO_32_BIT_CONVERSION = YES;
				GCC_WARN_ABOUT_RETURN_TYPE = YES_ERROR;
				GCC_WARN_UNDECLARED_SELECTOR = YES;
				GCC_WARN_UNINITIALIZED_AUTOS = YES;
				GCC_WARN_UNUSED_FUNCTION = YES;
				GCC_WARN_UNUSED_VARIABLE = YES;
				IPHONEOS_DEPLOYMENT_TARGET = 7.0;
				SDKROOT = iphoneos;
				VALIDATE_PRODUCT = YES;
			};
			name = Release;
		};
		3F81F23218187072008C9510 /* Debug */ = {
			isa = XCBuildConfiguration;
			baseConfigurationReference = 27112ADA5406462D987E6824 /* Pods.xcconfig */;
			buildSettings = {
				ASSETCATALOG_COMPILER_APPICON_NAME = AppIcon;
				ASSETCATALOG_COMPILER_LAUNCHIMAGE_NAME = LaunchImage;
				GCC_PRECOMPILE_PREFIX_HEADER = YES;
				GCC_PREFIX_HEADER = "WeatherApp/Support/WeatherApp-Prefix.pch";
				INFOPLIST_FILE = "WeatherApp/Support/WeatherApp-Info.plist";
				PRODUCT_NAME = "$(TARGET_NAME)";
				WRAPPER_EXTENSION = app;
			};
			name = Debug;
		};
		3F81F23318187072008C9510 /* Release */ = {
			isa = XCBuildConfiguration;
			baseConfigurationReference = 27112ADA5406462D987E6824 /* Pods.xcconfig */;
			buildSettings = {
				ASSETCATALOG_COMPILER_APPICON_NAME = AppIcon;
				ASSETCATALOG_COMPILER_LAUNCHIMAGE_NAME = LaunchImage;
				GCC_PRECOMPILE_PREFIX_HEADER = YES;
				GCC_PREFIX_HEADER = "WeatherApp/Support/WeatherApp-Prefix.pch";
				INFOPLIST_FILE = "WeatherApp/Support/WeatherApp-Info.plist";
				PRODUCT_NAME = "$(TARGET_NAME)";
				WRAPPER_EXTENSION = app;
			};
			name = Release;
		};
		3F81F23518187072008C9510 /* Debug */ = {
			isa = XCBuildConfiguration;
			baseConfigurationReference = A0A7F38C05814B88B8169146 /* Pods-WeatherAppTests.xcconfig */;
			buildSettings = {
				ARCHS = "$(ARCHS_STANDARD_INCLUDING_64_BIT)";
				BUNDLE_LOADER = "$(BUILT_PRODUCTS_DIR)/WeatherApp.app/WeatherApp";
				CLANG_ENABLE_MODULES = NO;
				FRAMEWORK_SEARCH_PATHS = (
					"$(SDKROOT)/Developer/Library/Frameworks",
					"$(inherited)",
					"$(DEVELOPER_FRAMEWORKS_DIR)",
				);
				GCC_PRECOMPILE_PREFIX_HEADER = YES;
				GCC_PREFIX_HEADER = "WeatherApp/Support/WeatherApp-Prefix.pch";
				GCC_PREPROCESSOR_DEFINITIONS = (
					"DEBUG=1",
					"$(inherited)",
				);
				INFOPLIST_FILE = "WeatherAppTests/Support/WeatherAppTests-Info.plist";
				PRODUCT_NAME = "$(TARGET_NAME)";
				TEST_HOST = "$(BUNDLE_LOADER)";
				WRAPPER_EXTENSION = xctest;
			};
			name = Debug;
		};
		3F81F23618187072008C9510 /* Release */ = {
			isa = XCBuildConfiguration;
			baseConfigurationReference = A0A7F38C05814B88B8169146 /* Pods-WeatherAppTests.xcconfig */;
			buildSettings = {
				ARCHS = "$(ARCHS_STANDARD_INCLUDING_64_BIT)";
				BUNDLE_LOADER = "$(BUILT_PRODUCTS_DIR)/WeatherApp.app/WeatherApp";
				CLANG_ENABLE_MODULES = NO;
				FRAMEWORK_SEARCH_PATHS = (
					"$(SDKROOT)/Developer/Library/Frameworks",
					"$(inherited)",
					"$(DEVELOPER_FRAMEWORKS_DIR)",
				);
				GCC_PRECOMPILE_PREFIX_HEADER = YES;
				GCC_PREFIX_HEADER = "WeatherApp/Support/WeatherApp-Prefix.pch";
				INFOPLIST_FILE = "WeatherAppTests/Support/WeatherAppTests-Info.plist";
				PRODUCT_NAME = "$(TARGET_NAME)";
				TEST_HOST = "$(BUNDLE_LOADER)";
				WRAPPER_EXTENSION = xctest;
			};
			name = Release;
		};
/* End XCBuildConfiguration section */

/* Begin XCConfigurationList section */
		3F81F1FA18187071008C9510 /* Build configuration list for PBXProject "WeatherApp" */ = {
			isa = XCConfigurationList;
			buildConfigurations = (
				3F81F22F18187072008C9510 /* Debug */,
				3F81F23018187072008C9510 /* Release */,
			);
			defaultConfigurationIsVisible = 0;
			defaultConfigurationName = Release;
		};
		3F81F23118187072008C9510 /* Build configuration list for PBXNativeTarget "WeatherApp" */ = {
			isa = XCConfigurationList;
			buildConfigurations = (
				3F81F23218187072008C9510 /* Debug */,
				3F81F23318187072008C9510 /* Release */,
			);
			defaultConfigurationIsVisible = 0;
			defaultConfigurationName = Release;
		};
		3F81F23418187072008C9510 /* Build configuration list for PBXNativeTarget "WeatherAppTests" */ = {
			isa = XCConfigurationList;
			buildConfigurations = (
				3F81F23518187072008C9510 /* Debug */,
				3F81F23618187072008C9510 /* Release */,
			);
			defaultConfigurationIsVisible = 0;
			defaultConfigurationName = Release;
		};
/* End XCConfigurationList section */
	};
	rootObject = 3F81F1F718187071008C9510 /* Project object */;
}
