<?xml version="1.0" encoding="UTF-8"?>
<!DOCTYPE plist PUBLIC "-//Apple//DTD PLIST 1.0//EN" "http://www.apple.com/DTDs/PropertyList-1.0.dtd">
<plist version="1.0">
<dict>
	<key>archiveVersion</key>
	<string>1</string>
	<key>classes</key>
	<dict/>
	<key>objectVersion</key>
	<string>46</string>
	<key>objects</key>
	<dict>
		<key>08DA442E73C74260BE9A0276</key>
		<dict>
			<key>buildActionMask</key>
			<string>2147483647</string>
			<key>files</key>
			<array/>
			<key>inputPaths</key>
			<array/>
			<key>isa</key>
			<string>PBXShellScriptBuildPhase</string>
			<key>name</key>
			<string>Copy Pods Resources</string>
			<key>outputPaths</key>
			<array/>
			<key>runOnlyForDeploymentPostprocessing</key>
			<string>0</string>
			<key>shellPath</key>
			<string>/bin/sh</string>
			<key>shellScript</key>
			<string>"${SRCROOT}/Pods/Pods-resources.sh"
</string>
			<key>showEnvVarsInLog</key>
			<string>0</string>
		</dict>
		<key>27112ADA5406462D987E6824</key>
		<dict>
			<key>includeInIndex</key>
			<string>1</string>
			<key>isa</key>
			<string>PBXFileReference</string>
			<key>lastKnownFileType</key>
			<string>text.xcconfig</string>
			<key>name</key>
			<string>Pods.xcconfig</string>
			<key>path</key>
			<string>Pods/Pods.xcconfig</string>
			<key>sourceTree</key>
			<string>&lt;group&gt;</string>
		</dict>
		<key>3F793A01181875DC00E217D6</key>
		<dict>
			<key>fileEncoding</key>
			<string>4</string>
			<key>isa</key>
			<string>PBXFileReference</string>
			<key>lastKnownFileType</key>
			<string>file.storyboard</string>
			<key>name</key>
			<string>Storyboard.storyboard</string>
			<key>path</key>
			<string>Views/Storyboard.storyboard</string>
			<key>sourceTree</key>
			<string>&lt;group&gt;</string>
		</dict>
		<key>3F793A02181875DC00E217D6</key>
		<dict>
			<key>fileRef</key>
			<string>3F793A01181875DC00E217D6</string>
			<key>isa</key>
			<string>PBXBuildFile</string>
		</dict>
		<key>3F793A031818767100E217D6</key>
		<dict>
			<key>children</key>
			<array>
				<string>3F793A051818768600E217D6</string>
			</array>
			<key>isa</key>
			<string>PBXGroup</string>
			<key>name</key>
			<string>Tests</string>
			<key>sourceTree</key>
			<string>&lt;group&gt;</string>
		</dict>
		<key>3F793A041818767700E217D6</key>
		<dict>
			<key>children</key>
			<array>
				<string>3F793A071818768C00E217D6</string>
				<string>3F793A081818768C00E217D6</string>
			</array>
			<key>isa</key>
			<string>PBXGroup</string>
			<key>name</key>
			<string>Support</string>
			<key>sourceTree</key>
			<string>&lt;group&gt;</string>
		</dict>
		<key>3F793A051818768600E217D6</key>
		<dict>
			<key>fileEncoding</key>
			<string>4</string>
			<key>isa</key>
			<string>PBXFileReference</string>
			<key>lastKnownFileType</key>
			<string>sourcecode.c.objc</string>
			<key>name</key>
			<string>WeatherAppTests.m</string>
			<key>path</key>
			<string>Tests/WeatherAppTests.m</string>
			<key>sourceTree</key>
			<string>&lt;group&gt;</string>
		</dict>
		<key>3F793A061818768600E217D6</key>
		<dict>
			<key>fileRef</key>
			<string>3F793A051818768600E217D6</string>
			<key>isa</key>
			<string>PBXBuildFile</string>
		</dict>
		<key>3F793A071818768C00E217D6</key>
		<dict>
			<key>fileEncoding</key>
			<string>4</string>
			<key>isa</key>
			<string>PBXFileReference</string>
			<key>lastKnownFileType</key>
			<string>text.plist.strings</string>
			<key>name</key>
			<string>InfoPlist.strings</string>
			<key>path</key>
			<string>Support/InfoPlist.strings</string>
			<key>sourceTree</key>
			<string>&lt;group&gt;</string>
		</dict>
		<key>3F793A081818768C00E217D6</key>
		<dict>
			<key>fileEncoding</key>
			<string>4</string>
			<key>isa</key>
			<string>PBXFileReference</string>
			<key>lastKnownFileType</key>
			<string>text.plist.xml</string>
			<key>name</key>
			<string>WeatherAppTests-Info.plist</string>
			<key>path</key>
			<string>Support/WeatherAppTests-Info.plist</string>
			<key>sourceTree</key>
			<string>&lt;group&gt;</string>
		</dict>
		<key>3F81F1F618187071008C9510</key>
		<dict>
			<key>children</key>
			<array>
				<string>3F81F20818187071008C9510</string>
				<string>3F81F22718187072008C9510</string>
				<string>3F81F20118187071008C9510</string>
				<string>3F81F20018187071008C9510</string>
				<string>27112ADA5406462D987E6824</string>
				<string>A0A7F38C05814B88B8169146</string>
			</array>
			<key>isa</key>
			<string>PBXGroup</string>
			<key>sourceTree</key>
			<string>&lt;group&gt;</string>
		</dict>
		<key>3F81F1F718187071008C9510</key>
		<dict>
			<key>attributes</key>
			<dict>
				<key>LastUpgradeCheck</key>
				<string>0500</string>
				<key>ORGANIZATIONNAME</key>
				<string>Renzo Cris&#243;stomo</string>
				<key>TargetAttributes</key>
				<dict>
					<key>3F81F21F18187072008C9510</key>
					<dict>
						<key>TestTargetID</key>
						<string>3F81F1FE18187071008C9510</string>
					</dict>
				</dict>
			</dict>
			<key>buildConfigurationList</key>
			<string>3F81F1FA18187071008C9510</string>
			<key>compatibilityVersion</key>
			<string>Xcode 3.2</string>
			<key>developmentRegion</key>
			<string>English</string>
			<key>hasScannedForEncodings</key>
			<string>0</string>
			<key>isa</key>
			<string>PBXProject</string>
			<key>knownRegions</key>
			<array>
				<string>en</string>
				<string>Base</string>
			</array>
			<key>mainGroup</key>
			<string>3F81F1F618187071008C9510</string>
			<key>productRefGroup</key>
			<string>3F81F20018187071008C9510</string>
			<key>projectDirPath</key>
			<string></string>
			<key>projectReferences</key>
			<array/>
			<key>projectRoot</key>
			<string></string>
			<key>targets</key>
			<array>
				<string>3F81F1FE18187071008C9510</string>
				<string>3F81F21F18187072008C9510</string>
			</array>
		</dict>
		<key>3F81F1FA18187071008C9510</key>
		<dict>
			<key>buildConfigurations</key>
			<array>
				<string>3F81F22F18187072008C9510</string>
				<string>3F81F23018187072008C9510</string>
			</array>
			<key>defaultConfigurationIsVisible</key>
			<string>0</string>
			<key>defaultConfigurationName</key>
			<string>Release</string>
			<key>isa</key>
			<string>XCConfigurationList</string>
		</dict>
		<key>3F81F1FB18187071008C9510</key>
		<dict>
			<key>buildActionMask</key>
			<string>2147483647</string>
			<key>files</key>
			<array>
				<string>3F81F2431818721B008C9510</string>
				<string>3F81F24B1818722A008C9510</string>
				<string>3F81F24018187210008C9510</string>
			</array>
			<key>isa</key>
			<string>PBXSourcesBuildPhase</string>
			<key>runOnlyForDeploymentPostprocessing</key>
			<string>0</string>
		</dict>
		<key>3F81F1FC18187071008C9510</key>
		<dict>
			<key>buildActionMask</key>
			<string>2147483647</string>
			<key>files</key>
			<array>
				<string>3F81F20518187071008C9510</string>
				<string>3F81F20718187071008C9510</string>
				<string>3F81F20318187071008C9510</string>
				<string>73D0D0122F374EBF803EE690</string>
			</array>
			<key>isa</key>
			<string>PBXFrameworksBuildPhase</string>
			<key>runOnlyForDeploymentPostprocessing</key>
			<string>0</string>
		</dict>
		<key>3F81F1FD18187071008C9510</key>
		<dict>
			<key>buildActionMask</key>
			<string>2147483647</string>
			<key>files</key>
			<array>
				<string>3F81F2491818722A008C9510</string>
				<string>3F793A02181875DC00E217D6</string>
			</array>
			<key>isa</key>
			<string>PBXResourcesBuildPhase</string>
			<key>runOnlyForDeploymentPostprocessing</key>
			<string>0</string>
		</dict>
		<key>3F81F1FE18187071008C9510</key>
		<dict>
			<key>buildConfigurationList</key>
			<string>3F81F23118187072008C9510</string>
			<key>buildPhases</key>
			<array>
				<string>7359B2D29C8B4C448FFCE961</string>
				<string>3F81F1FB18187071008C9510</string>
				<string>3F81F1FC18187071008C9510</string>
				<string>3F81F1FD18187071008C9510</string>
				<string>08DA442E73C74260BE9A0276</string>
			</array>
			<key>buildRules</key>
			<array/>
			<key>dependencies</key>
			<array/>
			<key>isa</key>
			<string>PBXNativeTarget</string>
			<key>name</key>
			<string>WeatherApp</string>
			<key>productName</key>
			<string>WeatherApp</string>
			<key>productReference</key>
			<string>3F81F1FF18187071008C9510</string>
			<key>productType</key>
			<string>com.apple.product-type.application</string>
		</dict>
		<key>3F81F1FF18187071008C9510</key>
		<dict>
			<key>explicitFileType</key>
			<string>wrapper.application</string>
			<key>includeInIndex</key>
			<string>0</string>
			<key>isa</key>
			<string>PBXFileReference</string>
			<key>path</key>
			<string>WeatherApp.app</string>
			<key>sourceTree</key>
			<string>BUILT_PRODUCTS_DIR</string>
		</dict>
		<key>3F81F20018187071008C9510</key>
		<dict>
			<key>children</key>
			<array>
				<string>3F81F1FF18187071008C9510</string>
				<string>3F81F22018187072008C9510</string>
			</array>
			<key>isa</key>
			<string>PBXGroup</string>
			<key>name</key>
			<string>Products</string>
			<key>sourceTree</key>
			<string>&lt;group&gt;</string>
		</dict>
		<key>3F81F20118187071008C9510</key>
		<dict>
			<key>children</key>
			<array>
				<string>3F81F20218187071008C9510</string>
				<string>3F81F20418187071008C9510</string>
				<string>3F81F20618187071008C9510</string>
				<string>3F81F22118187072008C9510</string>
				<string>A47FB8CEF936484FBEECF34F</string>
				<string>AEA04102603245F7B44AA29F</string>
			</array>
			<key>isa</key>
			<string>PBXGroup</string>
			<key>name</key>
			<string>Frameworks</string>
			<key>sourceTree</key>
			<string>&lt;group&gt;</string>
		</dict>
		<key>3F81F20218187071008C9510</key>
		<dict>
			<key>isa</key>
			<string>PBXFileReference</string>
			<key>lastKnownFileType</key>
			<string>wrapper.framework</string>
			<key>name</key>
			<string>Foundation.framework</string>
			<key>path</key>
			<string>System/Library/Frameworks/Foundation.framework</string>
			<key>sourceTree</key>
			<string>SDKROOT</string>
		</dict>
		<key>3F81F20318187071008C9510</key>
		<dict>
			<key>fileRef</key>
			<string>3F81F20218187071008C9510</string>
			<key>isa</key>
			<string>PBXBuildFile</string>
		</dict>
		<key>3F81F20418187071008C9510</key>
		<dict>
			<key>isa</key>
			<string>PBXFileReference</string>
			<key>lastKnownFileType</key>
			<string>wrapper.framework</string>
			<key>name</key>
			<string>CoreGraphics.framework</string>
			<key>path</key>
			<string>System/Library/Frameworks/CoreGraphics.framework</string>
			<key>sourceTree</key>
			<string>SDKROOT</string>
		</dict>
		<key>3F81F20518187071008C9510</key>
		<dict>
			<key>fileRef</key>
			<string>3F81F20418187071008C9510</string>
			<key>isa</key>
			<string>PBXBuildFile</string>
		</dict>
		<key>3F81F20618187071008C9510</key>
		<dict>
			<key>isa</key>
			<string>PBXFileReference</string>
			<key>lastKnownFileType</key>
			<string>wrapper.framework</string>
			<key>name</key>
			<string>UIKit.framework</string>
			<key>path</key>
			<string>System/Library/Frameworks/UIKit.framework</string>
			<key>sourceTree</key>
			<string>SDKROOT</string>
		</dict>
		<key>3F81F20718187071008C9510</key>
		<dict>
			<key>fileRef</key>
			<string>3F81F20618187071008C9510</string>
			<key>isa</key>
			<string>PBXBuildFile</string>
		</dict>
		<key>3F81F20818187071008C9510</key>
		<dict>
			<key>children</key>
			<array>
				<string>3F81F237181871A2008C9510</string>
				<string>3F81F23B181871C6008C9510</string>
				<string>3F81F238181871A9008C9510</string>
				<string>3F81F23C181871CD008C9510</string>
				<string>3F81F239181871B7008C9510</string>
				<string>3F81F23D181871D4008C9510</string>
				<string>3F81F23A181871C0008C9510</string>
			</array>
			<key>isa</key>
			<string>PBXGroup</string>
			<key>path</key>
			<string>WeatherApp</string>
			<key>sourceTree</key>
			<string>&lt;group&gt;</string>
		</dict>
		<key>3F81F21C18187072008C9510</key>
		<dict>
			<key>buildActionMask</key>
			<string>2147483647</string>
			<key>files</key>
			<array>
				<string>3F793A061818768600E217D6</string>
			</array>
			<key>isa</key>
			<string>PBXSourcesBuildPhase</string>
			<key>runOnlyForDeploymentPostprocessing</key>
			<string>0</string>
		</dict>
		<key>3F81F21D18187072008C9510</key>
		<dict>
			<key>buildActionMask</key>
			<string>2147483647</string>
			<key>files</key>
			<array>
				<string>3F81F22218187072008C9510</string>
				<string>3F81F22418187072008C9510</string>
				<string>3F81F22318187072008C9510</string>
				<string>4267E7451BF0422F9795EB0C</string>
				<string>94831261BCCC4F8C88E06E3C</string>
			</array>
			<key>isa</key>
			<string>PBXFrameworksBuildPhase</string>
			<key>runOnlyForDeploymentPostprocessing</key>
			<string>0</string>
		</dict>
		<key>3F81F21E18187072008C9510</key>
		<dict>
			<key>buildActionMask</key>
			<string>2147483647</string>
			<key>files</key>
			<array/>
			<key>isa</key>
			<string>PBXResourcesBuildPhase</string>
			<key>runOnlyForDeploymentPostprocessing</key>
			<string>0</string>
		</dict>
		<key>3F81F21F18187072008C9510</key>
		<dict>
			<key>buildConfigurationList</key>
			<string>3F81F23418187072008C9510</string>
			<key>buildPhases</key>
			<array>
				<string>48D6787C0D8D4F899B8571CF</string>
				<string>3F81F21C18187072008C9510</string>
				<string>3F81F21D18187072008C9510</string>
				<string>3F81F21E18187072008C9510</string>
				<string>64F597BE1A6C4161984646B3</string>
			</array>
			<key>buildRules</key>
			<array/>
			<key>dependencies</key>
			<array>
				<string>3F81F22618187072008C9510</string>
			</array>
			<key>isa</key>
			<string>PBXNativeTarget</string>
			<key>name</key>
			<string>WeatherAppTests</string>
			<key>productName</key>
			<string>WeatherAppTests</string>
			<key>productReference</key>
			<string>3F81F22018187072008C9510</string>
			<key>productType</key>
			<string>com.apple.product-type.bundle.unit-test</string>
		</dict>
		<key>3F81F22018187072008C9510</key>
		<dict>
			<key>explicitFileType</key>
			<string>wrapper.cfbundle</string>
			<key>includeInIndex</key>
			<string>0</string>
			<key>isa</key>
			<string>PBXFileReference</string>
			<key>path</key>
			<string>WeatherAppTests.xctest</string>
			<key>sourceTree</key>
			<string>BUILT_PRODUCTS_DIR</string>
		</dict>
		<key>3F81F22118187072008C9510</key>
		<dict>
			<key>isa</key>
			<string>PBXFileReference</string>
			<key>lastKnownFileType</key>
			<string>wrapper.framework</string>
			<key>name</key>
			<string>XCTest.framework</string>
			<key>path</key>
			<string>Library/Frameworks/XCTest.framework</string>
			<key>sourceTree</key>
			<string>DEVELOPER_DIR</string>
		</dict>
		<key>3F81F22218187072008C9510</key>
		<dict>
			<key>fileRef</key>
			<string>3F81F22118187072008C9510</string>
			<key>isa</key>
			<string>PBXBuildFile</string>
		</dict>
		<key>3F81F22318187072008C9510</key>
		<dict>
			<key>fileRef</key>
			<string>3F81F20218187071008C9510</string>
			<key>isa</key>
			<string>PBXBuildFile</string>
		</dict>
		<key>3F81F22418187072008C9510</key>
		<dict>
			<key>fileRef</key>
			<string>3F81F20618187071008C9510</string>
			<key>isa</key>
			<string>PBXBuildFile</string>
		</dict>
		<key>3F81F22518187072008C9510</key>
		<dict>
			<key>containerPortal</key>
			<string>3F81F1F718187071008C9510</string>
			<key>isa</key>
			<string>PBXContainerItemProxy</string>
			<key>proxyType</key>
			<string>1</string>
			<key>remoteGlobalIDString</key>
			<string>3F81F1FE18187071008C9510</string>
			<key>remoteInfo</key>
			<string>WeatherApp</string>
		</dict>
		<key>3F81F22618187072008C9510</key>
		<dict>
			<key>isa</key>
			<string>PBXTargetDependency</string>
			<key>target</key>
			<string>3F81F1FE18187071008C9510</string>
			<key>targetProxy</key>
			<string>3F81F22518187072008C9510</string>
		</dict>
		<key>3F81F22718187072008C9510</key>
		<dict>
			<key>children</key>
			<array>
				<string>3F793A031818767100E217D6</string>
				<string>3F793A041818767700E217D6</string>
			</array>
			<key>isa</key>
			<string>PBXGroup</string>
			<key>path</key>
			<string>WeatherAppTests</string>
			<key>sourceTree</key>
			<string>&lt;group&gt;</string>
		</dict>
		<key>3F81F22F18187072008C9510</key>
		<dict>
			<key>buildSettings</key>
			<dict>
				<key>ALWAYS_SEARCH_USER_PATHS</key>
				<string>NO</string>
				<key>ARCHS</key>
				<string>$(ARCHS_STANDARD_INCLUDING_64_BIT)</string>
				<key>CLANG_CXX_LANGUAGE_STANDARD</key>
				<string>gnu++0x</string>
				<key>CLANG_CXX_LIBRARY</key>
				<string>libc++</string>
				<key>CLANG_ENABLE_MODULES</key>
				<string>YES</string>
				<key>CLANG_ENABLE_OBJC_ARC</key>
				<string>YES</string>
				<key>CLANG_WARN_BOOL_CONVERSION</key>
				<string>YES</string>
				<key>CLANG_WARN_CONSTANT_CONVERSION</key>
				<string>YES</string>
				<key>CLANG_WARN_DIRECT_OBJC_ISA_USAGE</key>
				<string>YES_ERROR</string>
				<key>CLANG_WARN_EMPTY_BODY</key>
				<string>YES</string>
				<key>CLANG_WARN_ENUM_CONVERSION</key>
				<string>YES</string>
				<key>CLANG_WARN_INT_CONVERSION</key>
				<string>YES</string>
				<key>CLANG_WARN_OBJC_ROOT_CLASS</key>
				<string>YES_ERROR</string>
				<key>CLANG_WARN__DUPLICATE_METHOD_MATCH</key>
				<string>YES</string>
				<key>CODE_SIGN_IDENTITY[sdk=iphoneos*]</key>
				<string>iPhone Developer</string>
				<key>COPY_PHASE_STRIP</key>
				<string>NO</string>
				<key>GCC_C_LANGUAGE_STANDARD</key>
				<string>gnu99</string>
				<key>GCC_DYNAMIC_NO_PIC</key>
				<string>NO</string>
				<key>GCC_OPTIMIZATION_LEVEL</key>
				<string>0</string>
				<key>GCC_PREPROCESSOR_DEFINITIONS</key>
				<array>
					<string>DEBUG=1</string>
					<string>$(inherited)</string>
				</array>
				<key>GCC_SYMBOLS_PRIVATE_EXTERN</key>
				<string>NO</string>
				<key>GCC_WARN_64_TO_32_BIT_CONVERSION</key>
				<string>YES</string>
				<key>GCC_WARN_ABOUT_RETURN_TYPE</key>
				<string>YES_ERROR</string>
				<key>GCC_WARN_UNDECLARED_SELECTOR</key>
				<string>YES</string>
				<key>GCC_WARN_UNINITIALIZED_AUTOS</key>
				<string>YES</string>
				<key>GCC_WARN_UNUSED_FUNCTION</key>
				<string>YES</string>
				<key>GCC_WARN_UNUSED_VARIABLE</key>
				<string>YES</string>
				<key>IPHONEOS_DEPLOYMENT_TARGET</key>
				<string>7.0</string>
				<key>ONLY_ACTIVE_ARCH</key>
				<string>YES</string>
				<key>SDKROOT</key>
				<string>iphoneos</string>
			</dict>
			<key>isa</key>
			<string>XCBuildConfiguration</string>
			<key>name</key>
			<string>Debug</string>
		</dict>
		<key>3F81F23018187072008C9510</key>
		<dict>
			<key>buildSettings</key>
			<dict>
				<key>ALWAYS_SEARCH_USER_PATHS</key>
				<string>NO</string>
				<key>ARCHS</key>
				<string>$(ARCHS_STANDARD_INCLUDING_64_BIT)</string>
				<key>CLANG_CXX_LANGUAGE_STANDARD</key>
				<string>gnu++0x</string>
				<key>CLANG_CXX_LIBRARY</key>
				<string>libc++</string>
				<key>CLANG_ENABLE_MODULES</key>
				<string>YES</string>
				<key>CLANG_ENABLE_OBJC_ARC</key>
				<string>YES</string>
				<key>CLANG_WARN_BOOL_CONVERSION</key>
				<string>YES</string>
				<key>CLANG_WARN_CONSTANT_CONVERSION</key>
				<string>YES</string>
				<key>CLANG_WARN_DIRECT_OBJC_ISA_USAGE</key>
				<string>YES_ERROR</string>
				<key>CLANG_WARN_EMPTY_BODY</key>
				<string>YES</string>
				<key>CLANG_WARN_ENUM_CONVERSION</key>
				<string>YES</string>
				<key>CLANG_WARN_INT_CONVERSION</key>
				<string>YES</string>
				<key>CLANG_WARN_OBJC_ROOT_CLASS</key>
				<string>YES_ERROR</string>
				<key>CLANG_WARN__DUPLICATE_METHOD_MATCH</key>
				<string>YES</string>
				<key>CODE_SIGN_IDENTITY[sdk=iphoneos*]</key>
				<string>iPhone Developer</string>
				<key>COPY_PHASE_STRIP</key>
				<string>YES</string>
				<key>ENABLE_NS_ASSERTIONS</key>
				<string>NO</string>
				<key>GCC_C_LANGUAGE_STANDARD</key>
				<string>gnu99</string>
				<key>GCC_WARN_64_TO_32_BIT_CONVERSION</key>
				<string>YES</string>
				<key>GCC_WARN_ABOUT_RETURN_TYPE</key>
				<string>YES_ERROR</string>
				<key>GCC_WARN_UNDECLARED_SELECTOR</key>
				<string>YES</string>
				<key>GCC_WARN_UNINITIALIZED_AUTOS</key>
				<string>YES</string>
				<key>GCC_WARN_UNUSED_FUNCTION</key>
				<string>YES</string>
				<key>GCC_WARN_UNUSED_VARIABLE</key>
				<string>YES</string>
				<key>IPHONEOS_DEPLOYMENT_TARGET</key>
				<string>7.0</string>
				<key>SDKROOT</key>
				<string>iphoneos</string>
				<key>VALIDATE_PRODUCT</key>
				<string>YES</string>
			</dict>
			<key>isa</key>
			<string>XCBuildConfiguration</string>
			<key>name</key>
			<string>Release</string>
		</dict>
		<key>3F81F23118187072008C9510</key>
		<dict>
			<key>buildConfigurations</key>
			<array>
				<string>3F81F23218187072008C9510</string>
				<string>3F81F23318187072008C9510</string>
			</array>
			<key>defaultConfigurationIsVisible</key>
			<string>0</string>
			<key>defaultConfigurationName</key>
			<string>Release</string>
			<key>isa</key>
			<string>XCConfigurationList</string>
		</dict>
		<key>3F81F23218187072008C9510</key>
		<dict>
			<key>baseConfigurationReference</key>
			<string>27112ADA5406462D987E6824</string>
			<key>buildSettings</key>
			<dict>
				<key>ASSETCATALOG_COMPILER_APPICON_NAME</key>
				<string>AppIcon</string>
				<key>ASSETCATALOG_COMPILER_LAUNCHIMAGE_NAME</key>
				<string>LaunchImage</string>
				<key>GCC_PRECOMPILE_PREFIX_HEADER</key>
				<string>YES</string>
				<key>GCC_PREFIX_HEADER</key>
				<string>WeatherApp/Support/WeatherApp-Prefix.pch</string>
				<key>INFOPLIST_FILE</key>
				<string>WeatherApp/Support/WeatherApp-Info.plist</string>
				<key>PRODUCT_NAME</key>
				<string>$(TARGET_NAME)</string>
				<key>WRAPPER_EXTENSION</key>
				<string>app</string>
			</dict>
			<key>isa</key>
			<string>XCBuildConfiguration</string>
			<key>name</key>
			<string>Debug</string>
		</dict>
		<key>3F81F23318187072008C9510</key>
		<dict>
			<key>baseConfigurationReference</key>
			<string>27112ADA5406462D987E6824</string>
			<key>buildSettings</key>
			<dict>
				<key>ASSETCATALOG_COMPILER_APPICON_NAME</key>
				<string>AppIcon</string>
				<key>ASSETCATALOG_COMPILER_LAUNCHIMAGE_NAME</key>
				<string>LaunchImage</string>
				<key>GCC_PRECOMPILE_PREFIX_HEADER</key>
				<string>YES</string>
				<key>GCC_PREFIX_HEADER</key>
				<string>WeatherApp/Support/WeatherApp-Prefix.pch</string>
				<key>INFOPLIST_FILE</key>
				<string>WeatherApp/Support/WeatherApp-Info.plist</string>
				<key>PRODUCT_NAME</key>
				<string>$(TARGET_NAME)</string>
				<key>WRAPPER_EXTENSION</key>
				<string>app</string>
			</dict>
			<key>isa</key>
			<string>XCBuildConfiguration</string>
			<key>name</key>
			<string>Release</string>
		</dict>
		<key>3F81F23418187072008C9510</key>
		<dict>
			<key>buildConfigurations</key>
			<array>
				<string>3F81F23518187072008C9510</string>
				<string>3F81F23618187072008C9510</string>
			</array>
			<key>defaultConfigurationIsVisible</key>
			<string>0</string>
			<key>defaultConfigurationName</key>
			<string>Release</string>
			<key>isa</key>
			<string>XCConfigurationList</string>
		</dict>
		<key>3F81F23518187072008C9510</key>
		<dict>
			<key>baseConfigurationReference</key>
			<string>A0A7F38C05814B88B8169146</string>
			<key>buildSettings</key>
			<dict>
				<key>ARCHS</key>
				<string>$(ARCHS_STANDARD_INCLUDING_64_BIT)</string>
				<key>BUNDLE_LOADER</key>
				<string>$(BUILT_PRODUCTS_DIR)/WeatherApp.app/WeatherApp</string>
				<key>FRAMEWORK_SEARCH_PATHS</key>
				<array>
					<string>$(SDKROOT)/Developer/Library/Frameworks</string>
					<string>$(inherited)</string>
					<string>$(DEVELOPER_FRAMEWORKS_DIR)</string>
				</array>
				<key>GCC_PRECOMPILE_PREFIX_HEADER</key>
				<string>YES</string>
				<key>GCC_PREFIX_HEADER</key>
				<string>WeatherApp/Support/WeatherApp-Prefix.pch</string>
				<key>GCC_PREPROCESSOR_DEFINITIONS</key>
				<array>
					<string>DEBUG=1</string>
					<string>$(inherited)</string>
				</array>
				<key>INFOPLIST_FILE</key>
				<string>WeatherAppTests/Support/WeatherAppTests-Info.plist</string>
				<key>PRODUCT_NAME</key>
				<string>$(TARGET_NAME)</string>
				<key>TEST_HOST</key>
				<string>$(BUNDLE_LOADER)</string>
				<key>WRAPPER_EXTENSION</key>
				<string>xctest</string>
			</dict>
			<key>isa</key>
			<string>XCBuildConfiguration</string>
			<key>name</key>
			<string>Debug</string>
		</dict>
		<key>3F81F23618187072008C9510</key>
		<dict>
			<key>baseConfigurationReference</key>
			<string>A0A7F38C05814B88B8169146</string>
			<key>buildSettings</key>
			<dict>
				<key>ARCHS</key>
				<string>$(ARCHS_STANDARD_INCLUDING_64_BIT)</string>
				<key>BUNDLE_LOADER</key>
				<string>$(BUILT_PRODUCTS_DIR)/WeatherApp.app/WeatherApp</string>
				<key>FRAMEWORK_SEARCH_PATHS</key>
				<array>
					<string>$(SDKROOT)/Developer/Library/Frameworks</string>
					<string>$(inherited)</string>
					<string>$(DEVELOPER_FRAMEWORKS_DIR)</string>
				</array>
				<key>GCC_PRECOMPILE_PREFIX_HEADER</key>
				<string>YES</string>
				<key>GCC_PREFIX_HEADER</key>
				<string>WeatherApp/Support/WeatherApp-Prefix.pch</string>
				<key>INFOPLIST_FILE</key>
				<string>WeatherAppTests/Support/WeatherAppTests-Info.plist</string>
				<key>PRODUCT_NAME</key>
				<string>$(TARGET_NAME)</string>
				<key>TEST_HOST</key>
				<string>$(BUNDLE_LOADER)</string>
				<key>WRAPPER_EXTENSION</key>
				<string>xctest</string>
			</dict>
			<key>isa</key>
			<string>XCBuildConfiguration</string>
			<key>name</key>
			<string>Release</string>
		</dict>
		<key>3F81F237181871A2008C9510</key>
		<dict>
			<key>children</key>
			<array>
				<string>3F81F23E18187210008C9510</string>
				<string>3F81F23F18187210008C9510</string>
			</array>
			<key>isa</key>
			<string>PBXGroup</string>
			<key>name</key>
			<string>Application</string>
			<key>sourceTree</key>
			<string>&lt;group&gt;</string>
		</dict>
		<key>3F81F238181871A9008C9510</key>
		<dict>
			<key>children</key>
			<array/>
			<key>isa</key>
			<string>PBXGroup</string>
			<key>name</key>
			<string>Helpers</string>
			<key>sourceTree</key>
			<string>&lt;group&gt;</string>
		</dict>
		<key>3F81F239181871B7008C9510</key>
		<dict>
			<key>children</key>
			<array/>
			<key>isa</key>
			<string>PBXGroup</string>
			<key>name</key>
			<string>Models</string>
			<key>sourceTree</key>
			<string>&lt;group&gt;</string>
		</dict>
		<key>3F81F23A181871C0008C9510</key>
		<dict>
			<key>children</key>
			<array>
				<string>3F793A01181875DC00E217D6</string>
			</array>
			<key>isa</key>
			<string>PBXGroup</string>
			<key>name</key>
			<string>Views</string>
			<key>sourceTree</key>
			<string>&lt;group&gt;</string>
		</dict>
		<key>3F81F23B181871C6008C9510</key>
		<dict>
			<key>children</key>
			<array>
				<string>3F81F2411818721B008C9510</string>
				<string>3F81F2421818721B008C9510</string>
			</array>
			<key>isa</key>
			<string>PBXGroup</string>
			<key>name</key>
			<string>Controllers</string>
			<key>sourceTree</key>
			<string>&lt;group&gt;</string>
		</dict>
		<key>3F81F23C181871CD008C9510</key>
		<dict>
			<key>children</key>
			<array/>
			<key>isa</key>
			<string>PBXGroup</string>
			<key>name</key>
			<string>Managers</string>
			<key>sourceTree</key>
			<string>&lt;group&gt;</string>
		</dict>
		<key>3F81F23D181871D4008C9510</key>
		<dict>
			<key>children</key>
			<array>
				<string>3F81F2441818722A008C9510</string>
				<string>3F81F24F18187231008C9510</string>
				<string>3F81F2461818722A008C9510</string>
				<string>3F81F2471818722A008C9510</string>
				<string>3F81F2481818722A008C9510</string>
			</array>
			<key>isa</key>
			<string>PBXGroup</string>
			<key>name</key>
			<string>Support</string>
			<key>sourceTree</key>
			<string>&lt;group&gt;</string>
		</dict>
		<key>3F81F23E18187210008C9510</key>
		<dict>
			<key>fileEncoding</key>
			<string>4</string>
			<key>isa</key>
			<string>PBXFileReference</string>
			<key>lastKnownFileType</key>
			<string>sourcecode.c.h</string>
			<key>name</key>
			<string>AppDelegate.h</string>
			<key>path</key>
			<string>Application/AppDelegate.h</string>
			<key>sourceTree</key>
			<string>&lt;group&gt;</string>
		</dict>
		<key>3F81F23F18187210008C9510</key>
		<dict>
			<key>fileEncoding</key>
			<string>4</string>
			<key>isa</key>
			<string>PBXFileReference</string>
			<key>lastKnownFileType</key>
			<string>sourcecode.c.objc</string>
			<key>name</key>
			<string>AppDelegate.m</string>
			<key>path</key>
			<string>Application/AppDelegate.m</string>
			<key>sourceTree</key>
			<string>&lt;group&gt;</string>
		</dict>
		<key>3F81F24018187210008C9510</key>
		<dict>
			<key>fileRef</key>
			<string>3F81F23F18187210008C9510</string>
			<key>isa</key>
			<string>PBXBuildFile</string>
		</dict>
		<key>3F81F2411818721B008C9510</key>
		<dict>
			<key>fileEncoding</key>
			<string>4</string>
			<key>isa</key>
			<string>PBXFileReference</string>
			<key>lastKnownFileType</key>
			<string>sourcecode.c.h</string>
			<key>name</key>
			<string>CitiesViewController.h</string>
			<key>path</key>
			<string>Controllers/CitiesViewController.h</string>
			<key>sourceTree</key>
			<string>&lt;group&gt;</string>
		</dict>
		<key>3F81F2421818721B008C9510</key>
		<dict>
			<key>fileEncoding</key>
			<string>4</string>
			<key>isa</key>
			<string>PBXFileReference</string>
			<key>lastKnownFileType</key>
			<string>sourcecode.c.objc</string>
			<key>name</key>
			<string>CitiesViewController.m</string>
			<key>path</key>
			<string>Controllers/CitiesViewController.m</string>
			<key>sourceTree</key>
			<string>&lt;group&gt;</string>
		</dict>
		<key>3F81F2431818721B008C9510</key>
		<dict>
			<key>fileRef</key>
			<string>3F81F2421818721B008C9510</string>
			<key>isa</key>
			<string>PBXBuildFile</string>
		</dict>
		<key>3F81F2441818722A008C9510</key>
		<dict>
			<key>isa</key>
			<string>PBXFileReference</string>
			<key>lastKnownFileType</key>
			<string>folder.assetcatalog</string>
			<key>name</key>
			<string>Images.xcassets</string>
			<key>path</key>
			<string>Support/Images.xcassets</string>
			<key>sourceTree</key>
			<string>&lt;group&gt;</string>
		</dict>
		<key>3F81F2461818722A008C9510</key>
		<dict>
			<key>fileEncoding</key>
			<string>4</string>
			<key>isa</key>
			<string>PBXFileReference</string>
			<key>lastKnownFileType</key>
			<string>sourcecode.c.objc</string>
			<key>name</key>
			<string>main.m</string>
			<key>path</key>
			<string>Support/main.m</string>
			<key>sourceTree</key>
			<string>&lt;group&gt;</string>
		</dict>
		<key>3F81F2471818722A008C9510</key>
		<dict>
			<key>fileEncoding</key>
			<string>4</string>
			<key>isa</key>
			<string>PBXFileReference</string>
			<key>lastKnownFileType</key>
			<string>text.plist.xml</string>
			<key>name</key>
			<string>WeatherApp-Info.plist</string>
			<key>path</key>
			<string>Support/WeatherApp-Info.plist</string>
			<key>sourceTree</key>
			<string>&lt;group&gt;</string>
		</dict>
		<key>3F81F2481818722A008C9510</key>
		<dict>
			<key>fileEncoding</key>
			<string>4</string>
			<key>isa</key>
			<string>PBXFileReference</string>
			<key>lastKnownFileType</key>
			<string>sourcecode.c.h</string>
			<key>name</key>
			<string>WeatherApp-Prefix.pch</string>
			<key>path</key>
			<string>Support/WeatherApp-Prefix.pch</string>
			<key>sourceTree</key>
			<string>&lt;group&gt;</string>
		</dict>
		<key>3F81F2491818722A008C9510</key>
		<dict>
			<key>fileRef</key>
			<string>3F81F2441818722A008C9510</string>
			<key>isa</key>
			<string>PBXBuildFile</string>
		</dict>
		<key>3F81F24B1818722A008C9510</key>
		<dict>
			<key>fileRef</key>
			<string>3F81F2461818722A008C9510</string>
			<key>isa</key>
			<string>PBXBuildFile</string>
		</dict>
		<key>3F81F24E18187231008C9510</key>
		<dict>
			<key>isa</key>
			<string>PBXFileReference</string>
			<key>lastKnownFileType</key>
			<string>text.plist.strings</string>
			<key>name</key>
			<string>Base</string>
			<key>path</key>
			<string>Base.lproj/InfoPlist.strings</string>
			<key>sourceTree</key>
			<string>&lt;group&gt;</string>
		</dict>
		<key>3F81F24F18187231008C9510</key>
		<dict>
			<key>children</key>
			<array>
				<string>3F81F24E18187231008C9510</string>
			</array>
			<key>isa</key>
			<string>PBXVariantGroup</string>
			<key>name</key>
			<string>InfoPlist.strings</string>
			<key>path</key>
			<string>Support</string>
			<key>sourceTree</key>
			<string>&lt;group&gt;</string>
		</dict>
		<key>4267E7451BF0422F9795EB0C</key>
		<dict>
			<key>fileRef</key>
			<string>A47FB8CEF936484FBEECF34F</string>
			<key>isa</key>
			<string>PBXBuildFile</string>
		</dict>
		<key>48D6787C0D8D4F899B8571CF</key>
		<dict>
			<key>buildActionMask</key>
			<string>2147483647</string>
			<key>files</key>
			<array/>
			<key>inputPaths</key>
			<array/>
			<key>isa</key>
			<string>PBXShellScriptBuildPhase</string>
			<key>name</key>
			<string>Check Pods Manifest.lock</string>
			<key>outputPaths</key>
			<array/>
			<key>runOnlyForDeploymentPostprocessing</key>
			<string>0</string>
			<key>shellPath</key>
			<string>/bin/sh</string>
			<key>shellScript</key>
			<string>diff "${PODS_ROOT}/../Podfile.lock" "${PODS_ROOT}/Manifest.lock" &gt; /dev/null
if [[ $? != 0 ]] ; then
    cat &lt;&lt; EOM
error: The sandbox is not in sync with the Podfile.lock. Run 'pod install' or update your CocoaPods installation.
EOM
    exit 1
fi
</string>
			<key>showEnvVarsInLog</key>
			<string>0</string>
		</dict>
		<key>64F597BE1A6C4161984646B3</key>
		<dict>
			<key>buildActionMask</key>
			<string>2147483647</string>
			<key>files</key>
			<array/>
			<key>inputPaths</key>
			<array/>
			<key>isa</key>
			<string>PBXShellScriptBuildPhase</string>
			<key>name</key>
			<string>Copy Pods Resources</string>
			<key>outputPaths</key>
			<array/>
			<key>runOnlyForDeploymentPostprocessing</key>
			<string>0</string>
			<key>shellPath</key>
			<string>/bin/sh</string>
			<key>shellScript</key>
			<string>"${SRCROOT}/Pods/Pods-WeatherAppTests-resources.sh"
</string>
			<key>showEnvVarsInLog</key>
			<string>0</string>
		</dict>
		<key>7359B2D29C8B4C448FFCE961</key>
		<dict>
			<key>buildActionMask</key>
			<string>2147483647</string>
			<key>files</key>
			<array/>
			<key>inputPaths</key>
			<array/>
			<key>isa</key>
			<string>PBXShellScriptBuildPhase</string>
			<key>name</key>
			<string>Check Pods Manifest.lock</string>
			<key>outputPaths</key>
			<array/>
			<key>runOnlyForDeploymentPostprocessing</key>
			<string>0</string>
			<key>shellPath</key>
			<string>/bin/sh</string>
			<key>shellScript</key>
			<string>diff "${PODS_ROOT}/../Podfile.lock" "${PODS_ROOT}/Manifest.lock" &gt; /dev/null
if [[ $? != 0 ]] ; then
    cat &lt;&lt; EOM
error: The sandbox is not in sync with the Podfile.lock. Run 'pod install' or update your CocoaPods installation.
EOM
    exit 1
fi
</string>
			<key>showEnvVarsInLog</key>
			<string>0</string>
		</dict>
		<key>73D0D0122F374EBF803EE690</key>
		<dict>
			<key>fileRef</key>
			<string>A47FB8CEF936484FBEECF34F</string>
			<key>isa</key>
			<string>PBXBuildFile</string>
		</dict>
		<key>94831261BCCC4F8C88E06E3C</key>
		<dict>
			<key>fileRef</key>
			<string>AEA04102603245F7B44AA29F</string>
			<key>isa</key>
			<string>PBXBuildFile</string>
		</dict>
		<key>A0A7F38C05814B88B8169146</key>
		<dict>
			<key>includeInIndex</key>
			<string>1</string>
			<key>isa</key>
			<string>PBXFileReference</string>
			<key>lastKnownFileType</key>
			<string>text.xcconfig</string>
			<key>name</key>
			<string>Pods-WeatherAppTests.xcconfig</string>
			<key>path</key>
			<string>Pods/Pods-WeatherAppTests.xcconfig</string>
			<key>sourceTree</key>
			<string>&lt;group&gt;</string>
		</dict>
		<key>A47FB8CEF936484FBEECF34F</key>
		<dict>
			<key>explicitFileType</key>
			<string>archive.ar</string>
			<key>includeInIndex</key>
			<string>0</string>
			<key>isa</key>
			<string>PBXFileReference</string>
			<key>path</key>
			<string>libPods.a</string>
			<key>sourceTree</key>
			<string>BUILT_PRODUCTS_DIR</string>
		</dict>
		<key>AEA04102603245F7B44AA29F</key>
		<dict>
			<key>explicitFileType</key>
			<string>archive.ar</string>
			<key>includeInIndex</key>
			<string>0</string>
			<key>isa</key>
			<string>PBXFileReference</string>
			<key>path</key>
			<string>libPods-WeatherAppTests.a</string>
			<key>sourceTree</key>
			<string>BUILT_PRODUCTS_DIR</string>
		</dict>
	</dict>
	<key>rootObject</key>
	<string>3F81F1F718187071008C9510</string>
</dict>
</plist>
